
Microsoft Visual Studio Solution File, Format Version 12.00
# Visual Studio 15
VisualStudioVersion = 15.0.28307.489
MinimumVisualStudioVersion = 10.0.40219.1
Project("{FAE04EC0-301F-11D3-BF4B-00C04F79EFBC}") = "Akinator2.0", "Akinator2.0\Akinator2.0.csproj", "{15F8DDDF-874F-4DF8-AAD0-55367BE2ABCB}"
EndProject
Global
	GlobalSection(SolutionConfigurationPlatforms) = preSolution
		Debug|Any CPU = Debug|Any CPU
		Release|Any CPU = Release|Any CPU
	EndGlobalSection
	GlobalSection(ProjectConfigurationPlatforms) = postSolution
		{15F8DDDF-874F-4DF8-AAD0-55367BE2ABCB}.Debug|Any CPU.ActiveCfg = Debug|Any CPU
		{15F8DDDF-874F-4DF8-AAD0-55367BE2ABCB}.Debug|Any CPU.Build.0 = Debug|Any CPU
		{15F8DDDF-874F-4DF8-AAD0-55367BE2ABCB}.Release|Any CPU.ActiveCfg = Release|Any CPU
		{15F8DDDF-874F-4DF8-AAD0-55367BE2ABCB}.Release|Any CPU.Build.0 = Release|Any CPU
	EndGlobalSection
	GlobalSection(SolutionProperties) = preSolution
		HideSolutionNode = FALSE
	EndGlobalSection
	GlobalSection(ExtensibilityGlobals) = postSolution
		SolutionGuid = {5A5DD220-3E20-4140-BC6D-742C3FB639CB}
	EndGlobalSection
EndGlobal
